
Microsoft Visual Studio Solution File, Format Version 12.00
# Visual Studio Version 17
VisualStudioVersion = 17.0.31903.59
MinimumVisualStudioVersion = 10.0.40219.1
Project("{2150E333-8FDC-42A3-9474-1A3956D46DE8}") = "src", "src", "{827E0CD3-B72D-47B6-A68D-7590B98EB39B}"
EndProject
Project("{FAE04EC0-301F-11D3-BF4B-00C04F79EFBC}") = "FaroRestaurant.Api", "src\FaroRestaurant.Api\FaroRestaurant.Api.csproj", "{EB83204C-6815-4D9D-99B5-ED6BF5489DB7}"
EndProject
Project("{FAE04EC0-301F-11D3-BF4B-00C04F79EFBC}") = "FaroRestaurant.Application", "src\FaroRestaurant.Application\FaroRestaurant.Application.csproj", "{8F90D4E0-505F-4C45-B0ED-C605424ADAB9}"
EndProject
Project("{FAE04EC0-301F-11D3-BF4B-00C04F79EFBC}") = "FaroRestaurant.Domain", "src\FaroRestaurant.Domain\FaroRestaurant.Domain.csproj", "{D6565708-9AFB-4C7D-B19B-641AB9873E46}"
EndProject
Project("{FAE04EC0-301F-11D3-BF4B-00C04F79EFBC}") = "FaroRestaurant.Infrastructure", "src\FaroRestaurant.Infrastructure\FaroRestaurant.Infrastructure.csproj", "{4E717246-3384-4EB5-A5FC-2341D953C4FB}"
EndProject
Global
	GlobalSection(SolutionConfigurationPlatforms) = preSolution
		Debug|Any CPU = Debug|Any CPU
		Debug|x64 = Debug|x64
		Debug|x86 = Debug|x86
		Release|Any CPU = Release|Any CPU
		Release|x64 = Release|x64
		Release|x86 = Release|x86
	EndGlobalSection
	GlobalSection(ProjectConfigurationPlatforms) = postSolution
		{EB83204C-6815-4D9D-99B5-ED6BF5489DB7}.Debug|Any CPU.ActiveCfg = Debug|Any CPU
		{EB83204C-6815-4D9D-99B5-ED6BF5489DB7}.Debug|Any CPU.Build.0 = Debug|Any CPU
		{EB83204C-6815-4D9D-99B5-ED6BF5489DB7}.Debug|x64.ActiveCfg = Debug|Any CPU
		{EB83204C-6815-4D9D-99B5-ED6BF5489DB7}.Debug|x64.Build.0 = Debug|Any CPU
		{EB83204C-6815-4D9D-99B5-ED6BF5489DB7}.Debug|x86.ActiveCfg = Debug|Any CPU
		{EB83204C-6815-4D9D-99B5-ED6BF5489DB7}.Debug|x86.Build.0 = Debug|Any CPU
		{EB83204C-6815-4D9D-99B5-ED6BF5489DB7}.Release|Any CPU.ActiveCfg = Release|Any CPU
		{EB83204C-6815-4D9D-99B5-ED6BF5489DB7}.Release|Any CPU.Build.0 = Release|Any CPU
		{EB83204C-6815-4D9D-99B5-ED6BF5489DB7}.Release|x64.ActiveCfg = Release|Any CPU
		{EB83204C-6815-4D9D-99B5-ED6BF5489DB7}.Release|x64.Build.0 = Release|Any CPU
		{EB83204C-6815-4D9D-99B5-ED6BF5489DB7}.Release|x86.ActiveCfg = Release|Any CPU
		{EB83204C-6815-4D9D-99B5-ED6BF5489DB7}.Release|x86.Build.0 = Release|Any CPU
		{8F90D4E0-505F-4C45-B0ED-C605424ADAB9}.Debug|Any CPU.ActiveCfg = Debug|Any CPU
		{8F90D4E0-505F-4C45-B0ED-C605424ADAB9}.Debug|Any CPU.Build.0 = Debug|Any CPU
		{8F90D4E0-505F-4C45-B0ED-C605424ADAB9}.Debug|x64.ActiveCfg = Debug|Any CPU
		{8F90D4E0-505F-4C45-B0ED-C605424ADAB9}.Debug|x64.Build.0 = Debug|Any CPU
		{8F90D4E0-505F-4C45-B0ED-C605424ADAB9}.Debug|x86.ActiveCfg = Debug|Any CPU
		{8F90D4E0-505F-4C45-B0ED-C605424ADAB9}.Debug|x86.Build.0 = Debug|Any CPU
		{8F90D4E0-505F-4C45-B0ED-C605424ADAB9}.Release|Any CPU.ActiveCfg = Release|Any CPU
		{8F90D4E0-505F-4C45-B0ED-C605424ADAB9}.Release|Any CPU.Build.0 = Release|Any CPU
		{8F90D4E0-505F-4C45-B0ED-C605424ADAB9}.Release|x64.ActiveCfg = Release|Any CPU
		{8F90D4E0-505F-4C45-B0ED-C605424ADAB9}.Release|x64.Build.0 = Release|Any CPU
		{8F90D4E0-505F-4C45-B0ED-C605424ADAB9}.Release|x86.ActiveCfg = Release|Any CPU
		{8F90D4E0-505F-4C45-B0ED-C605424ADAB9}.Release|x86.Build.0 = Release|Any CPU
		{D6565708-9AFB-4C7D-B19B-641AB9873E46}.Debug|Any CPU.ActiveCfg = Debug|Any CPU
		{D6565708-9AFB-4C7D-B19B-641AB9873E46}.Debug|Any CPU.Build.0 = Debug|Any CPU
		{D6565708-9AFB-4C7D-B19B-641AB9873E46}.Debug|x64.ActiveCfg = Debug|Any CPU
		{D6565708-9AFB-4C7D-B19B-641AB9873E46}.Debug|x64.Build.0 = Debug|Any CPU
		{D6565708-9AFB-4C7D-B19B-641AB9873E46}.Debug|x86.ActiveCfg = Debug|Any CPU
		{D6565708-9AFB-4C7D-B19B-641AB9873E46}.Debug|x86.Build.0 = Debug|Any CPU
		{D6565708-9AFB-4C7D-B19B-641AB9873E46}.Release|Any CPU.ActiveCfg = Release|Any CPU
		{D6565708-9AFB-4C7D-B19B-641AB9873E46}.Release|Any CPU.Build.0 = Release|Any CPU
		{D6565708-9AFB-4C7D-B19B-641AB9873E46}.Release|x64.ActiveCfg = Release|Any CPU
		{D6565708-9AFB-4C7D-B19B-641AB9873E46}.Release|x64.Build.0 = Release|Any CPU
		{D6565708-9AFB-4C7D-B19B-641AB9873E46}.Release|x86.ActiveCfg = Release|Any CPU
		{D6565708-9AFB-4C7D-B19B-641AB9873E46}.Release|x86.Build.0 = Release|Any CPU
		{4E717246-3384-4EB5-A5FC-2341D953C4FB}.Debug|Any CPU.ActiveCfg = Debug|Any CPU
		{4E717246-3384-4EB5-A5FC-2341D953C4FB}.Debug|Any CPU.Build.0 = Debug|Any CPU
		{4E717246-3384-4EB5-A5FC-2341D953C4FB}.Debug|x64.ActiveCfg = Debug|Any CPU
		{4E717246-3384-4EB5-A5FC-2341D953C4FB}.Debug|x64.Build.0 = Debug|Any CPU
		{4E717246-3384-4EB5-A5FC-2341D953C4FB}.Debug|x86.ActiveCfg = Debug|Any CPU
		{4E717246-3384-4EB5-A5FC-2341D953C4FB}.Debug|x86.Build.0 = Debug|Any CPU
		{4E717246-3384-4EB5-A5FC-2341D953C4FB}.Release|Any CPU.ActiveCfg = Release|Any CPU
		{4E717246-3384-4EB5-A5FC-2341D953C4FB}.Release|Any CPU.Build.0 = Release|Any CPU
		{4E717246-3384-4EB5-A5FC-2341D953C4FB}.Release|x64.ActiveCfg = Release|Any CPU
		{4E717246-3384-4EB5-A5FC-2341D953C4FB}.Release|x64.Build.0 = Release|Any CPU
		{4E717246-3384-4EB5-A5FC-2341D953C4FB}.Release|x86.ActiveCfg = Release|Any CPU
		{4E717246-3384-4EB5-A5FC-2341D953C4FB}.Release|x86.Build.0 = Release|Any CPU
	EndGlobalSection
	GlobalSection(SolutionProperties) = preSolution
		HideSolutionNode = FALSE
	EndGlobalSection
	GlobalSection(NestedProjects) = preSolution
		{EB83204C-6815-4D9D-99B5-ED6BF5489DB7} = {827E0CD3-B72D-47B6-A68D-7590B98EB39B}
		{8F90D4E0-505F-4C45-B0ED-C605424ADAB9} = {827E0CD3-B72D-47B6-A68D-7590B98EB39B}
		{D6565708-9AFB-4C7D-B19B-641AB9873E46} = {827E0CD3-B72D-47B6-A68D-7590B98EB39B}
		{4E717246-3384-4EB5-A5FC-2341D953C4FB} = {827E0CD3-B72D-47B6-A68D-7590B98EB39B}
	EndGlobalSection
EndGlobal
